
Microsoft Visual Studio Solution File, Format Version 12.00
# Visual Studio Version 17
VisualStudioVersion = 17.4.33110.190
MinimumVisualStudioVersion = 10.0.40219.1
Project("{FAE04EC0-301F-11D3-BF4B-00C04F79EFBC}") = "WebApplication-ServerSide", "WebApplication-ServerSide\WebApplication-ServerSide.csproj", "{516A6D80-4DEB-4B1B-B03D-EB61209325B3}"
EndProject
Project("{FAE04EC0-301F-11D3-BF4B-00C04F79EFBC}") = "KitchenDataBase", "KitchenDataBase\KitchenDataBase.csproj", "{7AB3C23D-BCBD-4E72-B4F8-73FAD98327F5}"
EndProject
Global
	GlobalSection(SolutionConfigurationPlatforms) = preSolution
		Debug|Any CPU = Debug|Any CPU
		Release|Any CPU = Release|Any CPU
	EndGlobalSection
	GlobalSection(ProjectConfigurationPlatforms) = postSolution
		{516A6D80-4DEB-4B1B-B03D-EB61209325B3}.Debug|Any CPU.ActiveCfg = Debug|Any CPU
		{516A6D80-4DEB-4B1B-B03D-EB61209325B3}.Debug|Any CPU.Build.0 = Debug|Any CPU
		{516A6D80-4DEB-4B1B-B03D-EB61209325B3}.Release|Any CPU.ActiveCfg = Release|Any CPU
		{516A6D80-4DEB-4B1B-B03D-EB61209325B3}.Release|Any CPU.Build.0 = Release|Any CPU
		{7AB3C23D-BCBD-4E72-B4F8-73FAD98327F5}.Debug|Any CPU.ActiveCfg = Debug|Any CPU
		{7AB3C23D-BCBD-4E72-B4F8-73FAD98327F5}.Debug|Any CPU.Build.0 = Debug|Any CPU
		{7AB3C23D-BCBD-4E72-B4F8-73FAD98327F5}.Release|Any CPU.ActiveCfg = Release|Any CPU
		{7AB3C23D-BCBD-4E72-B4F8-73FAD98327F5}.Release|Any CPU.Build.0 = Release|Any CPU
	EndGlobalSection
	GlobalSection(SolutionProperties) = preSolution
		HideSolutionNode = FALSE
	EndGlobalSection
	GlobalSection(ExtensibilityGlobals) = postSolution
		SolutionGuid = {F8C837C5-6783-4885-B0F6-09706D6B167C}
	EndGlobalSection
EndGlobal
